
Microsoft Visual Studio Solution File, Format Version 12.00
# Visual Studio 15
VisualStudioVersion = 15.0.27703.2042
MinimumVisualStudioVersion = 10.0.40219.1
Project("{FAE04EC0-301F-11D3-BF4B-00C04F79EFBC}") = "CouchSQLSync_v4", "CouchSQLSync_v4\CouchSQLSync_v4.csproj", "{CC5BCB43-5BB2-458F-B24E-77917B0BD174}"
EndProject
Global
	GlobalSection(SolutionConfigurationPlatforms) = preSolution
		Debug|Any CPU = Debug|Any CPU
		Release|Any CPU = Release|Any CPU
	EndGlobalSection
	GlobalSection(ProjectConfigurationPlatforms) = postSolution
		{CC5BCB43-5BB2-458F-B24E-77917B0BD174}.Debug|Any CPU.ActiveCfg = Debug|Any CPU
		{CC5BCB43-5BB2-458F-B24E-77917B0BD174}.Debug|Any CPU.Build.0 = Debug|Any CPU
		{CC5BCB43-5BB2-458F-B24E-77917B0BD174}.Release|Any CPU.ActiveCfg = Release|Any CPU
		{CC5BCB43-5BB2-458F-B24E-77917B0BD174}.Release|Any CPU.Build.0 = Release|Any CPU
	EndGlobalSection
	GlobalSection(SolutionProperties) = preSolution
		HideSolutionNode = FALSE
	EndGlobalSection
	GlobalSection(ExtensibilityGlobals) = postSolution
		SolutionGuid = {E2732865-26DB-45BB-9B46-1E749BE3A0CB}
	EndGlobalSection
EndGlobal
